
Microsoft Visual Studio Solution File, Format Version 12.00
# Visual Studio Version 17
VisualStudioVersion = 17.4.33205.214
MinimumVisualStudioVersion = 10.0.40219.1
Project("{2150E333-8FDC-42A3-9474-1A3956D46DE8}") = "FrontEnd", "FrontEnd", "{F252DA67-C1B4-4648-8D06-78E24AB1D7B9}"
EndProject
Project("{FAE04EC0-301F-11D3-BF4B-00C04F79EFBC}") = "Ufuk.Web", "Ufuk.Web\Ufuk.Web.csproj", "{457E89A9-D039-4521-B9B6-34820A49D0BE}"
EndProject
Global
	GlobalSection(SolutionConfigurationPlatforms) = preSolution
		Debug|Any CPU = Debug|Any CPU
		Release|Any CPU = Release|Any CPU
	EndGlobalSection
	GlobalSection(ProjectConfigurationPlatforms) = postSolution
		{457E89A9-D039-4521-B9B6-34820A49D0BE}.Debug|Any CPU.ActiveCfg = Debug|Any CPU
		{457E89A9-D039-4521-B9B6-34820A49D0BE}.Debug|Any CPU.Build.0 = Debug|Any CPU
		{457E89A9-D039-4521-B9B6-34820A49D0BE}.Release|Any CPU.ActiveCfg = Release|Any CPU
		{457E89A9-D039-4521-B9B6-34820A49D0BE}.Release|Any CPU.Build.0 = Release|Any CPU
	EndGlobalSection
	GlobalSection(SolutionProperties) = preSolution
		HideSolutionNode = FALSE
	EndGlobalSection
	GlobalSection(NestedProjects) = preSolution
		{457E89A9-D039-4521-B9B6-34820A49D0BE} = {F252DA67-C1B4-4648-8D06-78E24AB1D7B9}
	EndGlobalSection
	GlobalSection(ExtensibilityGlobals) = postSolution
		SolutionGuid = {AC171812-95FB-419E-AF80-DCCD02E367AC}
	EndGlobalSection
EndGlobal
